{
  "name": "roastbox",
  "version": "1.0.0",
  "lockfileVersion": 1,
  "requires": true,
  "dependencies": {
    "@ritterim/platform-ui": {
      "version": "1.2.9",
      "resolved": "https://registry.npmjs.org/@ritterim/platform-ui/-/platform-ui-1.2.9.tgz",
      "integrity": "sha512-8HxbB1ItoGfeacg1aZGTgiyafWNihO7Iu8/l75EemY8dwIEfE3dpVfu515zPD8XjShe75KoKHSMkAhC2h6s9BA==",
      "requires": {
        "semver": "^6.3.0"
      }
    },
    "semver": {
      "version": "6.3.0",
      "resolved": "https://registry.npmjs.org/semver/-/semver-6.3.0.tgz",
      "integrity": "sha512-b39TBaTSfV6yBrapU89p5fKekE2m/NwnDocOVruQFS1/veMgdzuPcnOM34M6CwxW8jH/lxEa5rBoDeUwu5HHTw=="
    }
  }
}
